{
  "name": "connector-fixture-pack",
  "version": "0.1.0",
  "lockfileVersion": 3,
  "requires": true,
  "packages": {
    "": {
      "name": "connector-fixture-pack",
      "version": "0.1.0",
      "license": "MIT",
      "bin": {
        "connector-fixture-pack": "bin/connector-fixture-pack.js"
      },
      "engines": {
        "node": ">=22"
      }
    }
  }
}
